<?xml version="1.0" encoding="utf-8"?>
<Project ToolsVersion="4.0" xmlns="http://schemas.microsoft.com/developer/msbuild/2003">
  <ItemGroup>
    <Filter Include="states">
      <UniqueIdentifier>{fd32fc8e-15e9-4f94-b883-f23830e3765c}</UniqueIdentifier>
    </Filter>
    <Filter Include="game">
      <UniqueIdentifier>{a7e383de-28d7-4477-b66f-130ff855d24f}</UniqueIdentifier>
    </Filter>
    <Filter Include="levels">
      <UniqueIdentifier>{f8e64e3c-46b7-41b2-91cc-e1a99c508083}</UniqueIdentifier>
    </Filter>
  </ItemGroup>
  <ItemGroup>
    <ClCompile Include="src\TileMap.cpp" />
    <ClCompile Include="src\ColorZone.cpp" />
    <ClCompile Include="src\TileMapEditor.cpp" />
    <ClCompile Include="src\MainGame.cpp" />
    <ClCompile Include="src\Block.cpp" />
    <ClCompile Include="src\BasicGameStates.cpp" />
  </ItemGroup>
  <ItemGroup>
    <ClInclude Include="resource.h" />
    <ClInclude Include="src\TileMap.h" />
    <ClInclude Include="src\Common.h" />
    <ClInclude Include="src\Constants.h" />
    <ClInclude Include="src\ColorZone.h" />
    <ClInclude Include="src\TileMapEditor.h" />
    <ClInclude Include="src\MainGame.h" />
    <ClInclude Include="src\Block.h" />
    <ClInclude Include="src\BasicGameStates.h" />
  </ItemGroup>
  <ItemGroup>
    <None Include="Blocks.manifest" />
    <None Include="TODO.txt" />
    <None Include="levels\Level1.txt">
      <Filter>levels</Filter>
    </None>
    <None Include="levels\Level2.txt">
      <Filter>levels</Filter>
    </None>
    <None Include="levels\Level3.txt">
      <Filter>levels</Filter>
    </None>
    <None Include="levels\Level4.txt">
      <Filter>levels</Filter>
    </None>
    <None Include="levels\Level5.txt">
      <Filter>levels</Filter>
    </None>
    <None Include="levels\Level6.txt">
      <Filter>levels</Filter>
    </None>
  </ItemGroup>
  <ItemGroup>
    <ResourceCompile Include="Blocks.rc" />
  </ItemGroup>
</Project>