<?xml version="1.0" encoding="utf-8"?>
<Project ToolsVersion="4.0" xmlns="http://schemas.microsoft.com/developer/msbuild/2003">
  <ItemGroup>
    <Filter Include="states">
      <UniqueIdentifier>{fd32fc8e-15e9-4f94-b883-f23830e3765c}</UniqueIdentifier>
    </Filter>
    <Filter Include="levels">
      <UniqueIdentifier>{f8e64e3c-46b7-41b2-91cc-e1a99c508083}</UniqueIdentifier>
    </Filter>
    <Filter Include="content">
      <UniqueIdentifier>{e462d997-bdf3-415b-ba93-a93464ad7f3f}</UniqueIdentifier>
    </Filter>
    <Filter Include="content\dialogs">
      <UniqueIdentifier>{b0c69f07-a4ea-4bf5-8041-3c6b107a4845}</UniqueIdentifier>
    </Filter>
    <Filter Include="content\settings">
      <UniqueIdentifier>{612ffd42-7601-40e7-ab24-83bc3def3966}</UniqueIdentifier>
    </Filter>
    <Filter Include="content\resources">
      <UniqueIdentifier>{0ec58baa-0482-45e0-a299-9a1c3f4ce9fa}</UniqueIdentifier>
    </Filter>
    <Filter Include="utils">
      <UniqueIdentifier>{55e341dc-bac7-452c-98c4-6aea137a19c4}</UniqueIdentifier>
    </Filter>
  </ItemGroup>
  <ItemGroup>
    <ClCompile Include="src\TileMap.cpp" />
    <ClCompile Include="src\ColorZone.cpp" />
    <ClCompile Include="src\Block.cpp" />
    <ClCompile Include="src\MainGame.cpp">
      <Filter>states</Filter>
    </ClCompile>
    <ClCompile Include="src\TileMapEditor.cpp">
      <Filter>states</Filter>
    </ClCompile>
    <ClCompile Include="src\LevelSelectorState.cpp">
      <Filter>states</Filter>
    </ClCompile>
    <ClCompile Include="src\GameOverState.cpp">
      <Filter>states</Filter>
    </ClCompile>
    <ClCompile Include="src\HighscoreState.cpp">
      <Filter>states</Filter>
    </ClCompile>
    <ClCompile Include="src\SparkleEffect.cpp">
      <Filter>utils</Filter>
    </ClCompile>
    <ClCompile Include="src\SettingsConverter.cpp">
      <Filter>utils</Filter>
    </ClCompile>
    <ClCompile Include="src\Highscores.cpp">
      <Filter>utils</Filter>
    </ClCompile>
    <ClCompile Include="src\FileManager.cpp">
      <Filter>utils</Filter>
    </ClCompile>
  </ItemGroup>
  <ItemGroup>
    <ClInclude Include="resource.h" />
    <ClInclude Include="src\TileMap.h" />
    <ClInclude Include="src\Common.h" />
    <ClInclude Include="src\Constants.h" />
    <ClInclude Include="src\ColorZone.h" />
    <ClInclude Include="src\Block.h" />
    <ClInclude Include="src\MainGame.h">
      <Filter>states</Filter>
    </ClInclude>
    <ClInclude Include="src\TileMapEditor.h">
      <Filter>states</Filter>
    </ClInclude>
    <ClInclude Include="src\LevelSelectorState.h">
      <Filter>states</Filter>
    </ClInclude>
    <ClInclude Include="src\GameOverState.h">
      <Filter>states</Filter>
    </ClInclude>
    <ClInclude Include="src\HighscoreState.h">
      <Filter>states</Filter>
    </ClInclude>
    <ClInclude Include="src\SparkleEffect.h">
      <Filter>utils</Filter>
    </ClInclude>
    <ClInclude Include="src\SettingsConverter.h">
      <Filter>utils</Filter>
    </ClInclude>
    <ClInclude Include="src\Highscores.h">
      <Filter>utils</Filter>
    </ClInclude>
    <ClInclude Include="src\FileManager.h">
      <Filter>utils</Filter>
    </ClInclude>
  </ItemGroup>
  <ItemGroup>
    <None Include="Blocks.manifest" />
    <None Include="levels\Level1.txt">
      <Filter>levels</Filter>
    </None>
    <None Include="levels\Level2.txt">
      <Filter>levels</Filter>
    </None>
    <None Include="levels\Level3.txt">
      <Filter>levels</Filter>
    </None>
    <None Include="levels\Level4.txt">
      <Filter>levels</Filter>
    </None>
    <None Include="levels\Level5.txt">
      <Filter>levels</Filter>
    </None>
    <None Include="levels\Level6.txt">
      <Filter>levels</Filter>
    </None>
    <None Include="TODO.md" />
    <None Include="content\dialogs\credits.json">
      <Filter>content\dialogs</Filter>
    </None>
    <None Include="content\dialogs\game_over.json">
      <Filter>content\dialogs</Filter>
    </None>
    <None Include="content\dialogs\highscore.json">
      <Filter>content\dialogs</Filter>
    </None>
    <None Include="content\dialogs\pause_dialog.json">
      <Filter>content\dialogs</Filter>
    </None>
    <None Include="content\dialogs\start_dialog.json">
      <Filter>content\dialogs</Filter>
    </None>
    <None Include="content\settings\color_zone.json">
      <Filter>content\settings</Filter>
    </None>
    <None Include="content\resources\gui.json">
      <Filter>content\resources</Filter>
    </None>
    <None Include="content\resources\hud.json">
      <Filter>content\resources</Filter>
    </None>
    <None Include="content\resources\xscale.json">
      <Filter>content\resources</Filter>
    </None>
    <None Include="content\dialogs\level_selector.json">
      <Filter>content\dialogs</Filter>
    </None>
  </ItemGroup>
  <ItemGroup>
    <ResourceCompile Include="Blocks.rc" />
  </ItemGroup>
</Project>