<?xml version="1.0" encoding="utf-8"?>
<Project ToolsVersion="4.0" xmlns="http://schemas.microsoft.com/developer/msbuild/2003">
  <ItemGroup>
    <Filter Include="objects">
      <UniqueIdentifier>{965ff4cf-ae7a-440e-8a13-426559187c82}</UniqueIdentifier>
    </Filter>
    <Filter Include="gamestates">
      <UniqueIdentifier>{9e0cc7f9-839c-476a-ad8f-b1df71c6baf0}</UniqueIdentifier>
    </Filter>
    <Filter Include="utils">
      <UniqueIdentifier>{eb1dacc8-fcb2-49ea-b8b2-67569772e405}</UniqueIdentifier>
    </Filter>
    <Filter Include="ext">
      <UniqueIdentifier>{a3d5e2f9-8a78-44a7-ad53-a2b5cc8cff32}</UniqueIdentifier>
    </Filter>
  </ItemGroup>
  <ItemGroup>
    <ClInclude Include="src\objects\Block.h">
      <Filter>objects</Filter>
    </ClInclude>
    <ClInclude Include="src\Common.h" />
    <ClInclude Include="src\gamestates\MainGameState.h">
      <Filter>gamestates</Filter>
    </ClInclude>
    <ClInclude Include="src\colors.h" />
    <ClInclude Include="src\TileMap.h" />
    <ClInclude Include="src\objects\Levels.h">
      <Filter>objects</Filter>
    </ClInclude>
    <ClInclude Include="src\utils\Bitset.h">
      <Filter>utils</Filter>
    </ClInclude>
    <ClInclude Include="resource.h" />
    <ClInclude Include="src\objects\Laser.h">
      <Filter>objects</Filter>
    </ClInclude>
    <ClInclude Include="src\GameSettings.h" />
    <ClInclude Include="src\gamestates\BasicGameState.h">
      <Filter>gamestates</Filter>
    </ClInclude>
    <ClInclude Include="src\utils\SparkleEffect.h">
      <Filter>utils</Filter>
    </ClInclude>
    <ClInclude Include="ext\stb_image.h">
      <Filter>ext</Filter>
    </ClInclude>
    <ClInclude Include="ext\ds_tweakable.h">
      <Filter>ext</Filter>
    </ClInclude>
    <ClInclude Include="ext\SpriteBatchBuffer.h">
      <Filter>ext</Filter>
    </ClInclude>
    <ClInclude Include="ext\StateMachine.h">
      <Filter>ext</Filter>
    </ClInclude>
  </ItemGroup>
  <ItemGroup>
    <ClCompile Include="src\objects\Block.cpp">
      <Filter>objects</Filter>
    </ClCompile>
    <ClCompile Include="src\gamestates\MainGameState.cpp">
      <Filter>gamestates</Filter>
    </ClCompile>
    <ClCompile Include="src\colors.cpp" />
    <ClCompile Include="src\TileMap.cpp" />
    <ClCompile Include="src\objects\Levels.cpp">
      <Filter>objects</Filter>
    </ClCompile>
    <ClCompile Include="src\main.cpp" />
    <ClCompile Include="src\objects\Laser.cpp">
      <Filter>objects</Filter>
    </ClCompile>
    <ClCompile Include="src\utils\SparkleEffect.cpp">
      <Filter>utils</Filter>
    </ClCompile>
  </ItemGroup>
  <ItemGroup>
    <ResourceCompile Include="color_zone.rc" />
  </ItemGroup>
  <ItemGroup>
    <None Include="content\block.lvl" />
  </ItemGroup>
  <ItemGroup>
    <Image Include="content\Textures.png" />
  </ItemGroup>
</Project>