<?xml version="1.0" encoding="utf-8"?>
<Project ToolsVersion="4.0" xmlns="http://schemas.microsoft.com/developer/msbuild/2003">
  <ItemGroup>
    <Filter Include="objects">
      <UniqueIdentifier>{965ff4cf-ae7a-440e-8a13-426559187c82}</UniqueIdentifier>
    </Filter>
    <Filter Include="utils">
      <UniqueIdentifier>{eb1dacc8-fcb2-49ea-b8b2-67569772e405}</UniqueIdentifier>
    </Filter>
    <Filter Include="ext">
      <UniqueIdentifier>{a3d5e2f9-8a78-44a7-ad53-a2b5cc8cff32}</UniqueIdentifier>
    </Filter>
    <Filter Include="content">
      <UniqueIdentifier>{7099a9b7-178b-4830-a41b-04307ff7cd8f}</UniqueIdentifier>
    </Filter>
    <Filter Include="scenes">
      <UniqueIdentifier>{9d154b78-b7ca-4a49-8e49-bdab90f280f3}</UniqueIdentifier>
    </Filter>
  </ItemGroup>
  <ItemGroup>
    <ClInclude Include="src\objects\Block.h">
      <Filter>objects</Filter>
    </ClInclude>
    <ClInclude Include="src\Common.h" />
    <ClInclude Include="src\colors.h" />
    <ClInclude Include="src\TileMap.h" />
    <ClInclude Include="src\objects\Levels.h">
      <Filter>objects</Filter>
    </ClInclude>
    <ClInclude Include="src\utils\Bitset.h">
      <Filter>utils</Filter>
    </ClInclude>
    <ClInclude Include="resource.h" />
    <ClInclude Include="src\objects\Laser.h">
      <Filter>objects</Filter>
    </ClInclude>
    <ClInclude Include="src\GameSettings.h" />
    <ClInclude Include="src\utils\SparkleEffect.h">
      <Filter>utils</Filter>
    </ClInclude>
    <ClInclude Include="ext\stb_image.h">
      <Filter>ext</Filter>
    </ClInclude>
    <ClInclude Include="ext\ds_tweakable.h">
      <Filter>ext</Filter>
    </ClInclude>
    <ClInclude Include="ext\SpriteBatchBuffer.h">
      <Filter>ext</Filter>
    </ClInclude>
    <ClInclude Include="ext\diesel.h">
      <Filter>ext</Filter>
    </ClInclude>
    <ClInclude Include="ext\ds_game_ui.h">
      <Filter>ext</Filter>
    </ClInclude>
    <ClInclude Include="ext\ds_imgui.h">
      <Filter>ext</Filter>
    </ClInclude>
    <ClInclude Include="src\game_ui.h" />
    <ClInclude Include="src\utils\GameTimer.h">
      <Filter>utils</Filter>
    </ClInclude>
    <ClInclude Include="ext\ds_tweening.h">
      <Filter>ext</Filter>
    </ClInclude>
    <ClInclude Include="ext\ds_stretchbuffer.h">
      <Filter>ext</Filter>
    </ClInclude>
    <ClInclude Include="src\tiles.h" />
    <ClInclude Include="src\BaseApp.h" />
    <ClInclude Include="src\ColorZone.h" />
    <ClInclude Include="src\EventStream.h" />
    <ClInclude Include="src\scenes\MapSelectionScene.h">
      <Filter>scenes</Filter>
    </ClInclude>
    <ClInclude Include="src\scenes\MainGameScene.h">
      <Filter>scenes</Filter>
    </ClInclude>
  </ItemGroup>
  <ItemGroup>
    <ClCompile Include="src\objects\Block.cpp">
      <Filter>objects</Filter>
    </ClCompile>
    <ClCompile Include="src\colors.cpp" />
    <ClCompile Include="src\TileMap.cpp" />
    <ClCompile Include="src\objects\Levels.cpp">
      <Filter>objects</Filter>
    </ClCompile>
    <ClCompile Include="src\main.cpp" />
    <ClCompile Include="src\objects\Laser.cpp">
      <Filter>objects</Filter>
    </ClCompile>
    <ClCompile Include="src\utils\SparkleEffect.cpp">
      <Filter>utils</Filter>
    </ClCompile>
    <ClCompile Include="src\game_ui.cpp" />
    <ClCompile Include="src\utils\GameTimer.cpp">
      <Filter>utils</Filter>
    </ClCompile>
    <ClCompile Include="src\tiles.cpp" />
    <ClCompile Include="src\BaseApp.cpp" />
    <ClCompile Include="src\ColorZone.cpp" />
    <ClCompile Include="src\EventStream.cpp" />
    <ClCompile Include="src\scenes\MapSelectionScene.cpp">
      <Filter>scenes</Filter>
    </ClCompile>
    <ClCompile Include="src\scenes\MainGameScene.cpp">
      <Filter>scenes</Filter>
    </ClCompile>
  </ItemGroup>
  <ItemGroup>
    <ResourceCompile Include="color_zone.rc" />
  </ItemGroup>
  <ItemGroup>
    <Image Include="content\Textures.png" />
  </ItemGroup>
  <ItemGroup>
    <None Include="content\block.lvl">
      <Filter>content</Filter>
    </None>
    <None Include="content\settings.json">
      <Filter>content</Filter>
    </None>
  </ItemGroup>
</Project>